dependencies:
- name: postgresql
  repository: https://charts.bitnami.com/bitnami
  version: 16.3.4
- name: redis
  repository: https://charts.bitnami.com/bitnami
  version: 20.0.0
digest: sha256:ff5f9d10060cd62eb77ef11fc0833549041aeb55952265d3b832a0157e9aa175
generated: "2025-01-02T11:22:05.008113056+01:00"
